PODS:
  - FlutterMacOS (1.0.0)
  - HotKey (0.1.2)
  - hotkey_manager (0.0.1):
    - FlutterMacOS
    - HotKey

DEPENDENCIES:
  - FlutterMacOS (from `Flutter/ephemeral`)
  - hotkey_manager (from `Flutter/ephemeral/.symlinks/plugins/hotkey_manager/macos`)

SPEC REPOS:
  trunk:
    - HotKey

EXTERNAL SOURCES:
  FlutterMacOS:
    :path: Flutter/ephemeral
  hotkey_manager:
    :path: Flutter/ephemeral/.symlinks/plugins/hotkey_manager/macos

SPEC CHECKSUMS:
  FlutterMacOS: ae6af50a8ea7d6103d888583d46bd8328a7e9811
  HotKey: ad59450195936c10992438c4210f673de5aee43e
  hotkey_manager: ad673457691f4d39e481be04a61da2ae07d81c62

PODFILE CHECKSUM: 6eac6b3292e5142cfc23bdeb71848a40ec51c14c

COCOAPODS: 1.11.2
